
Microsoft Visual Studio Solution File, Format Version 12.00
# Visual Studio 2012
Project("{FAE04EC0-301F-11D3-BF4B-00C04F79EFBC}") = "bank", "bank\bank.csproj", "{3A943E47-01F7-4BC7-946D-ADD3C5E03B15}"
EndProject
Project("{FAE04EC0-301F-11D3-BF4B-00C04F79EFBC}") = "bankTest", "bankTest\bankTest.csproj", "{330A56AA-BC8A-4D53-9F6F-E50086ED0960}"
EndProject
Global
	GlobalSection(SolutionConfigurationPlatforms) = preSolution
		Debug|Any CPU = Debug|Any CPU
		Release|Any CPU = Release|Any CPU
	EndGlobalSection
	GlobalSection(ProjectConfigurationPlatforms) = postSolution
		{3A943E47-01F7-4BC7-946D-ADD3C5E03B15}.Debug|Any CPU.ActiveCfg = Debug|Any CPU
		{3A943E47-01F7-4BC7-946D-ADD3C5E03B15}.Debug|Any CPU.Build.0 = Debug|Any CPU
		{3A943E47-01F7-4BC7-946D-ADD3C5E03B15}.Release|Any CPU.ActiveCfg = Release|Any CPU
		{3A943E47-01F7-4BC7-946D-ADD3C5E03B15}.Release|Any CPU.Build.0 = Release|Any CPU
		{330A56AA-BC8A-4D53-9F6F-E50086ED0960}.Debug|Any CPU.ActiveCfg = Debug|Any CPU
		{330A56AA-BC8A-4D53-9F6F-E50086ED0960}.Debug|Any CPU.Build.0 = Debug|Any CPU
		{330A56AA-BC8A-4D53-9F6F-E50086ED0960}.Release|Any CPU.ActiveCfg = Release|Any CPU
		{330A56AA-BC8A-4D53-9F6F-E50086ED0960}.Release|Any CPU.Build.0 = Release|Any CPU
	EndGlobalSection
	GlobalSection(SolutionProperties) = preSolution
		HideSolutionNode = FALSE
	EndGlobalSection
EndGlobal
